
Microsoft Visual Studio Solution File, Format Version 12.00
# Visual Studio Version 16
VisualStudioVersion = 16.0.31729.503
MinimumVisualStudioVersion = 10.0.40219.1
Project("{FAE04EC0-301F-11D3-BF4B-00C04F79EFBC}") = "WFAAPIETABS", "WFAAPIETABS.csproj", "{7245D2AF-0BEB-41CD-9F91-FC3CB9F46D4D}"
EndProject
Global
	GlobalSection(SolutionConfigurationPlatforms) = preSolution
		Debug|Any CPU = Debug|Any CPU
		Release|Any CPU = Release|Any CPU
	EndGlobalSection
	GlobalSection(ProjectConfigurationPlatforms) = postSolution
		{7245D2AF-0BEB-41CD-9F91-FC3CB9F46D4D}.Debug|Any CPU.ActiveCfg = Debug|Any CPU
		{7245D2AF-0BEB-41CD-9F91-FC3CB9F46D4D}.Debug|Any CPU.Build.0 = Debug|Any CPU
		{7245D2AF-0BEB-41CD-9F91-FC3CB9F46D4D}.Release|Any CPU.ActiveCfg = Release|Any CPU
		{7245D2AF-0BEB-41CD-9F91-FC3CB9F46D4D}.Release|Any CPU.Build.0 = Release|Any CPU
	EndGlobalSection
	GlobalSection(SolutionProperties) = preSolution
		HideSolutionNode = FALSE
	EndGlobalSection
	GlobalSection(ExtensibilityGlobals) = postSolution
		SolutionGuid = {F919336C-4E01-454C-B7DC-5B404B56349C}
	EndGlobalSection
EndGlobal
